// !$*UTF8*$!
{
	archiveVersion = 1;
	classes = {
	};
	objectVersion = 50;
	objects = {

/* Begin PBXBuildFile section */
		C80F397B242E486C0083D16C /* AppDelegate.swift in Sources */ = {isa = PBXBuildFile; fileRef = C80F397A242E486C0083D16C /* AppDelegate.swift */; };
		C80F397D242E486C0083D16C /* SceneDelegate.swift in Sources */ = {isa = PBXBuildFile; fileRef = C80F397C242E486C0083D16C /* SceneDelegate.swift */; };
		C80F397F242E486C0083D16C /* ViewController.swift in Sources */ = {isa = PBXBuildFile; fileRef = C80F397E242E486C0083D16C /* ViewController.swift */; };
		C80F3982242E486C0083D16C /* Main.storyboard in Resources */ = {isa = PBXBuildFile; fileRef = C80F3980242E486C0083D16C /* Main.storyboard */; };
		C80F3985242E486C0083D16C /* CustomButtonSample.xcdatamodeld in Sources */ = {isa = PBXBuildFile; fileRef = C80F3983242E486C0083D16C /* CustomButtonSample.xcdatamodeld */; };
		C80F3987242E486E0083D16C /* Assets.xcassets in Resources */ = {isa = PBXBuildFile; fileRef = C80F3986242E486E0083D16C /* Assets.xcassets */; };
		C80F398A242E486E0083D16C /* LaunchScreen.storyboard in Resources */ = {isa = PBXBuildFile; fileRef = C80F3988242E486E0083D16C /* LaunchScreen.storyboard */; };
/* End PBXBuildFile section */

/* Begin PBXFileReference section */
		C80F3977242E486C0083D16C /* CustomButtonSample.app */ = {isa = PBXFileReference; explicitFileType = wrapper.application; includeInIndex = 0; path = CustomButtonSample.app; sourceTree = BUILT_PRODUCTS_DIR; };
		C80F397A242E486C0083D16C /* AppDelegate.swift */ = {isa = PBXFileReference; lastKnownFileType = sourcecode.swift; path = AppDelegate.swift; sourceTree = "<group>"; };
		C80F397C242E486C0083D16C /* SceneDelegate.swift */ = {isa = PBXFileReference; lastKnownFileType = sourcecode.swift; path = SceneDelegate.swift; sourceTree = "<group>"; };
		C80F397E242E486C0083D16C /* ViewController.swift */ = {isa = PBXFileReference; lastKnownFileType = sourcecode.swift; path = ViewController.swift; sourceTree = "<group>"; };
		C80F3981242E486C0083D16C /* Base */ = {isa = PBXFileReference; lastKnownFileType = file.storyboard; name = Base; path = Base.lproj/Main.storyboard; sourceTree = "<group>"; };
		C80F3984242E486C0083D16C /* CustomButtonSample.xcdatamodel */ = {isa = PBXFileReference; lastKnownFileType = wrapper.xcdatamodel; path = CustomButtonSample.xcdatamodel; sourceTree = "<group>"; };
		C80F3986242E486E0083D16C /* Assets.xcassets */ = {isa = PBXFileReference; lastKnownFileType = folder.assetcatalog; path = Assets.xcassets; sourceTree = "<group>"; };
		C80F3989242E486E0083D16C /* Base */ = {isa = PBXFileReference; lastKnownFileType = file.storyboard; name = Base; path = Base.lproj/LaunchScreen.storyboard; sourceTree = "<group>"; };
		C80F398B242E486E0083D16C /* Info.plist */ = {isa = PBXFileReference; lastKnownFileType = text.plist.xml; path = Info.plist; sourceTree = "<group>"; };
/* End PBXFileReference section */

/* Begin PBXFrameworksBuildPhase section */
		C80F3974242E486C0083D16C /* Frameworks */ = {
			isa = PBXFrameworksBuildPhase;
			buildActionMask = 2147483647;
			files = (
			);
			runOnlyForDeploymentPostprocessing = 0;
		};
/* End PBXFrameworksBuildPhase section */

/* Begin PBXGroup section */
		C80F396E242E486C0083D16C = {
			isa = PBXGroup;
			children = (
				C80F3979242E486C0083D16C /* CustomButtonSample */,
				C80F3978242E486C0083D16C /* Products */,
			);
			sourceTree = "<group>";
		};
		C80F3978242E486C0083D16C /* Products */ = {
			isa = PBXGroup;
			children = (
				C80F3977242E486C0083D16C /* CustomButtonSample.app */,
			);
			name = Products;
			sourceTree = "<group>";
		};
		C80F3979242E486C0083D16C /* CustomButtonSample */ = {
			isa = PBXGroup;
			children = (
				C80F397A242E486C0083D16C /* AppDelegate.swift */,
				C80F397C242E486C0083D16C /* SceneDelegate.swift */,
				C80F397E242E486C0083D16C /* ViewController.swift */,
				C80F3980242E486C0083D16C /* Main.storyboard */,
				C80F3986242E486E0083D16C /* Assets.xcassets */,
				C80F3988242E486E0083D16C /* LaunchScreen.storyboard */,
				C80F398B242E486E0083D16C /* Info.plist */,
				C80F3983242E486C0083D16C /* CustomButtonSample.xcdatamodeld */,
			);
			path = CustomButtonSample;
			sourceTree = "<group>";
		};
/* End PBXGroup section */

/* Begin PBXNativeTarget section */
		C80F3976242E486C0083D16C /* CustomButtonSample */ = {
			isa = PBXNativeTarget;
			buildConfigurationList = C80F398E242E486E0083D16C /* Build configuration list for PBXNativeTarget "CustomButtonSample" */;
			buildPhases = (
				C80F3973242E486C0083D16C /* Sources */,
				C80F3974242E486C0083D16C /* Frameworks */,
				C80F3975242E486C0083D16C /* Resources */,
			);
			buildRules = (
			);
			dependencies = (
			);
			name = CustomButtonSample;
			productName = CustomButtonSample;
			productReference = C80F3977242E486C0083D16C /* CustomButtonSample.app */;
			productType = "com.apple.product-type.application";
		};
/* End PBXNativeTarget section */

/* Begin PBXProject section */
		C80F396F242E486C0083D16C /* Project object */ = {
			isa = PBXProject;
			attributes = {
				LastSwiftUpdateCheck = 1140;
				LastUpgradeCheck = 1140;
				ORGANIZATIONNAME = junhyuk;
				TargetAttributes = {
					C80F3976242E486C0083D16C = {
						CreatedOnToolsVersion = 11.4;
					};
				};
			};
			buildConfigurationList = C80F3972242E486C0083D16C /* Build configuration list for PBXProject "CustomButtonSample" */;
			compatibilityVersion = "Xcode 9.3";
			developmentRegion = en;
			hasScannedForEncodings = 0;
			knownRegions = (
				en,
				Base,
			);
			mainGroup = C80F396E242E486C0083D16C;
			productRefGroup = C80F3978242E486C0083D16C /* Products */;
			projectDirPath = "";
			projectRoot = "";
			targets = (
				C80F3976242E486C0083D16C /* CustomButtonSample */,
			);
		};
/* End PBXProject section */

/* Begin PBXResourcesBuildPhase section */
		C80F3975242E486C0083D16C /* Resources */ = {
			isa = PBXResourcesBuildPhase;
			buildActionMask = 2147483647;
			files = (
				C80F398A242E486E0083D16C /* LaunchScreen.storyboard in Resources */,
				C80F3987242E486E0083D16C /* Assets.xcassets in Resources */,
				C80F3982242E486C0083D16C /* Main.storyboard in Resources */,
			);
			runOnlyForDeploymentPostprocessing = 0;
		};
/* End PBXResourcesBuildPhase section */

/* Begin PBXSourcesBuildPhase section */
		C80F3973242E486C0083D16C /* Sources */ = {
			isa = PBXSourcesBuildPhase;
			buildActionMask = 2147483647;
			files = (
				C80F3985242E486C0083D16C /* CustomButtonSample.xcdatamodeld in Sources */,
				C80F397F242E486C0083D16C /* ViewController.swift in Sources */,
				C80F397B242E486C0083D16C /* AppDelegate.swift in Sources */,
				C80F397D242E486C0083D16C /* SceneDelegate.swift in Sources */,
			);
			runOnlyForDeploymentPostprocessing = 0;
		};
/* End PBXSourcesBuildPhase section */

/* Begin PBXVariantGroup section */
		C80F3980242E486C0083D16C /* Main.storyboard */ = {
			isa = PBXVariantGroup;
			children = (
				C80F3981242E486C0083D16C /* Base */,
			);
			name = Main.storyboard;
			sourceTree = "<group>";
		};
		C80F3988242E486E0083D16C /* LaunchScreen.storyboard */ = {
			isa = PBXVariantGroup;
			children = (
				C80F3989242E486E0083D16C /* Base */,
			);
			name = LaunchScreen.storyboard;
			sourceTree = "<group>";
		};
/* End PBXVariantGroup section */

/* Begin XCBuildConfiguration section */
		C80F398C242E486E0083D16C /* Debug */ = {
			isa = XCBuildConfiguration;
			buildSettings = {
				ALWAYS_SEARCH_USER_PATHS = NO;
				CLANG_ANALYZER_NONNULL = YES;
				CLANG_ANALYZER_NUMBER_OBJECT_CONVERSION = YES_AGGRESSIVE;
				CLANG_CXX_LANGUAGE_STANDARD = "gnu++14";
				CLANG_CXX_LIBRARY = "libc++";
				CLANG_ENABLE_MODULES = YES;
				CLANG_ENABLE_OBJC_ARC = YES;
				CLANG_ENABLE_OBJC_WEAK = YES;
				CLANG_WARN_BLOCK_CAPTURE_AUTORELEASING = YES;
				CLANG_WARN_BOOL_CONVERSION = YES;
				CLANG_WARN_COMMA = YES;
				CLANG_WARN_CONSTANT_CONVERSION = YES;
				CLANG_WARN_DEPRECATED_OBJC_IMPLEMENTATIONS = YES;
				CLANG_WARN_DIRECT_OBJC_ISA_USAGE = YES_ERROR;
				CLANG_WARN_DOCUMENTATION_COMMENTS = YES;
				CLANG_WARN_EMPTY_BODY = YES;
				CLANG_WARN_ENUM_CONVERSION = YES;
				CLANG_WARN_INFINITE_RECURSION = YES;
				CLANG_WARN_INT_CONVERSION = YES;
				CLANG_WARN_NON_LITERAL_NULL_CONVERSION = YES;
				CLANG_WARN_OBJC_IMPLICIT_RETAIN_SELF = YES;
				CLANG_WARN_OBJC_LITERAL_CONVERSION = YES;
				CLANG_WARN_OBJC_ROOT_CLASS = YES_ERROR;
				CLANG_WARN_RANGE_LOOP_ANALYSIS = YES;
				CLANG_WARN_STRICT_PROTOTYPES = YES;
				CLANG_WARN_SUSPICIOUS_MOVE = YES;
				CLANG_WARN_UNGUARDED_AVAILABILITY = YES_AGGRESSIVE;
				CLANG_WARN_UNREACHABLE_CODE = YES;
				CLANG_WARN__DUPLICATE_METHOD_MATCH = YES;
				COPY_PHASE_STRIP = NO;
				DEBUG_INFORMATION_FORMAT = dwarf;
				ENABLE_STRICT_OBJC_MSGSEND = YES;
				ENABLE_TESTABILITY = YES;
				GCC_C_LANGUAGE_STANDARD = gnu11;
				GCC_DYNAMIC_NO_PIC = NO;
				GCC_NO_COMMON_BLOCKS = YES;
				GCC_OPTIMIZATION_LEVEL = 0;
				GCC_PREPROCESSOR_DEFINITIONS = (
					"DEBUG=1",
					"$(inherited)",
				);
				GCC_WARN_64_TO_32_BIT_CONVERSION = YES;
				GCC_WARN_ABOUT_RETURN_TYPE = YES_ERROR;
				GCC_WARN_UNDECLARED_SELECTOR = YES;
				GCC_WARN_UNINITIALIZED_AUTOS = YES_AGGRESSIVE;
				GCC_WARN_UNUSED_FUNCTION = YES;
				GCC_WARN_UNUSED_VARIABLE = YES;
				IPHONEOS_DEPLOYMENT_TARGET = 13.4;
				MTL_ENABLE_DEBUG_INFO = INCLUDE_SOURCE;
				MTL_FAST_MATH = YES;
				ONLY_ACTIVE_ARCH = YES;
				SDKROOT = iphoneos;
				SWIFT_ACTIVE_COMPILATION_CONDITIONS = DEBUG;
				SWIFT_OPTIMIZATION_LEVEL = "-Onone";
			};
			name = Debug;
		};
		C80F398D242E486E0083D16C /* Release */ = {
			isa = XCBuildConfiguration;
			buildSettings = {
				ALWAYS_SEARCH_USER_PATHS = NO;
				CLANG_ANALYZER_NONNULL = YES;
				CLANG_ANALYZER_NUMBER_OBJECT_CONVERSION = YES_AGGRESSIVE;
				CLANG_CXX_LANGUAGE_STANDARD = "gnu++14";
				CLANG_CXX_LIBRARY = "libc++";
				CLANG_ENABLE_MODULES = YES;
				CLANG_ENABLE_OBJC_ARC = YES;
				CLANG_ENABLE_OBJC_WEAK = YES;
				CLANG_WARN_BLOCK_CAPTURE_AUTORELEASING = YES;
				CLANG_WARN_BOOL_CONVERSION = YES;
				CLANG_WARN_COMMA = YES;
				CLANG_WARN_CONSTANT_CONVERSION = YES;
				CLANG_WARN_DEPRECATED_OBJC_IMPLEMENTATIONS = YES;
				CLANG_WARN_DIRECT_OBJC_ISA_USAGE = YES_ERROR;
				CLANG_WARN_DOCUMENTATION_COMMENTS = YES;
				CLANG_WARN_EMPTY_BODY = YES;
				CLANG_WARN_ENUM_CONVERSION = YES;
				CLANG_WARN_INFINITE_RECURSION = YES;
				CLANG_WARN_INT_CONVERSION = YES;
				CLANG_WARN_NON_LITERAL_NULL_CONVERSION = YES;
				CLANG_WARN_OBJC_IMPLICIT_RETAIN_SELF = YES;
				CLANG_WARN_OBJC_LITERAL_CONVERSION = YES;
				CLANG_WARN_OBJC_ROOT_CLASS = YES_ERROR;
				CLANG_WARN_RANGE_LOOP_ANALYSIS = YES;
				CLANG_WARN_STRICT_PROTOTYPES = YES;
				CLANG_WARN_SUSPICIOUS_MOVE = YES;
				CLANG_WARN_UNGUARDED_AVAILABILITY = YES_AGGRESSIVE;
				CLANG_WARN_UNREACHABLE_CODE = YES;
				CLANG_WARN__DUPLICATE_METHOD_MATCH = YES;
				COPY_PHASE_STRIP = NO;
				DEBUG_INFORMATION_FORMAT = "dwarf-with-dsym";
				ENABLE_NS_ASSERTIONS = NO;
				ENABLE_STRICT_OBJC_MSGSEND = YES;
				GCC_C_LANGUAGE_STANDARD = gnu11;
				GCC_NO_COMMON_BLOCKS = YES;
				GCC_WARN_64_TO_32_BIT_CONVERSION = YES;
				GCC_WARN_ABOUT_RETURN_TYPE = YES_ERROR;
				GCC_WARN_UNDECLARED_SELECTOR = YES;
				GCC_WARN_UNINITIALIZED_AUTOS = YES_AGGRESSIVE;
				GCC_WARN_UNUSED_FUNCTION = YES;
				GCC_WARN_UNUSED_VARIABLE = YES;
				IPHONEOS_DEPLOYMENT_TARGET = 13.4;
				MTL_ENABLE_DEBUG_INFO = NO;
				MTL_FAST_MATH = YES;
				SDKROOT = iphoneos;
				SWIFT_COMPILATION_MODE = wholemodule;
				SWIFT_OPTIMIZATION_LEVEL = "-O";
				VALIDATE_PRODUCT = YES;
			};
			name = Release;
		};
		C80F398F242E486E0083D16C /* Debug */ = {
			isa = XCBuildConfiguration;
			buildSettings = {
				ASSETCATALOG_COMPILER_APPICON_NAME = AppIcon;
				CODE_SIGN_STYLE = Automatic;
				DEVELOPMENT_TEAM = 5V8898Z33P;
				INFOPLIST_FILE = CustomButtonSample/Info.plist;
				LD_RUNPATH_SEARCH_PATHS = (
					"$(inherited)",
					"@executable_path/Frameworks",
				);
				PRODUCT_BUNDLE_IDENTIFIER = com.junhyuk.CustomButtonSample;
				PRODUCT_NAME = "$(TARGET_NAME)";
				SWIFT_VERSION = 5.0;
				TARGETED_DEVICE_FAMILY = "1,2";
			};
			name = Debug;
		};
		C80F3990242E486E0083D16C /* Release */ = {
			isa = XCBuildConfiguration;
			buildSettings = {
				ASSETCATALOG_COMPILER_APPICON_NAME = AppIcon;
				CODE_SIGN_STYLE = Automatic;
				DEVELOPMENT_TEAM = 5V8898Z33P;
				INFOPLIST_FILE = CustomButtonSample/Info.plist;
				LD_RUNPATH_SEARCH_PATHS = (
					"$(inherited)",
					"@executable_path/Frameworks",
				);
				PRODUCT_BUNDLE_IDENTIFIER = com.junhyuk.CustomButtonSample;
				PRODUCT_NAME = "$(TARGET_NAME)";
				SWIFT_VERSION = 5.0;
				TARGETED_DEVICE_FAMILY = "1,2";
			};
			name = Release;
		};
/* End XCBuildConfiguration section */

/* Begin XCConfigurationList section */
		C80F3972242E486C0083D16C /* Build configuration list for PBXProject "CustomButtonSample" */ = {
			isa = XCConfigurationList;
			buildConfigurations = (
				C80F398C242E486E0083D16C /* Debug */,
				C80F398D242E486E0083D16C /* Release */,
			);
			defaultConfigurationIsVisible = 0;
			defaultConfigurationName = Release;
		};
		C80F398E242E486E0083D16C /* Build configuration list for PBXNativeTarget "CustomButtonSample" */ = {
			isa = XCConfigurationList;
			buildConfigurations = (
				C80F398F242E486E0083D16C /* Debug */,
				C80F3990242E486E0083D16C /* Release */,
			);
			defaultConfigurationIsVisible = 0;
			defaultConfigurationName = Release;
		};
/* End XCConfigurationList section */

/* Begin XCVersionGroup section */
		C80F3983242E486C0083D16C /* CustomButtonSample.xcdatamodeld */ = {
			isa = XCVersionGroup;
			children = (
				C80F3984242E486C0083D16C /* CustomButtonSample.xcdatamodel */,
			);
			currentVersion = C80F3984242E486C0083D16C /* CustomButtonSample.xcdatamodel */;
			path = CustomButtonSample.xcdatamodeld;
			sourceTree = "<group>";
			versionGroupType = wrapper.xcdatamodel;
		};
/* End XCVersionGroup section */
	};
	rootObject = C80F396F242E486C0083D16C /* Project object */;
}
